{
  "name": "e621-tag-feud",
  "lockfileVersion": 2,
  "requires": true,
  "packages": {
    "": {
      "devDependencies": {
        "@types/node": "^18.7.19"
      }
    },
    "node_modules/@types/node": {
      "version": "18.7.19",
      "resolved": "https://registry.npmjs.org/@types/node/-/node-18.7.19.tgz",
      "integrity": "sha512-Sq1itGUKUX1ap7GgZlrzdBydjbsJL/NSQt/4wkAxUJ7/OS5c2WkoN6WSpWc2Yc5wtKMZOUA0VCs/j2XJadN3HA==",
      "dev": true
    }
  },
  "dependencies": {
    "@types/node": {
      "version": "18.7.19",
      "resolved": "https://registry.npmjs.org/@types/node/-/node-18.7.19.tgz",
      "integrity": "sha512-Sq1itGUKUX1ap7GgZlrzdBydjbsJL/NSQt/4wkAxUJ7/OS5c2WkoN6WSpWc2Yc5wtKMZOUA0VCs/j2XJadN3HA==",
      "dev": true
    }
  }
}
